
Microsoft Visual Studio Solution File, Format Version 12.00
# Visual Studio Version 17
VisualStudioVersion = 17.5.002.0
MinimumVisualStudioVersion = 10.0.40219.1
Project("{9A19103F-16F7-4668-BE54-9A1E7A4F7556}") = "Russian Roulette", "Russian Roulette.csproj", "{B6985763-320B-48AE-BD22-2888C5F9DFDF}"
EndProject
Global
	GlobalSection(SolutionConfigurationPlatforms) = preSolution
		Debug|Any CPU = Debug|Any CPU
		Release|Any CPU = Release|Any CPU
	EndGlobalSection
	GlobalSection(ProjectConfigurationPlatforms) = postSolution
		{B6985763-320B-48AE-BD22-2888C5F9DFDF}.Debug|Any CPU.ActiveCfg = Debug|Any CPU
		{B6985763-320B-48AE-BD22-2888C5F9DFDF}.Debug|Any CPU.Build.0 = Debug|Any CPU
		{B6985763-320B-48AE-BD22-2888C5F9DFDF}.Release|Any CPU.ActiveCfg = Release|Any CPU
		{B6985763-320B-48AE-BD22-2888C5F9DFDF}.Release|Any CPU.Build.0 = Release|Any CPU
	EndGlobalSection
	GlobalSection(SolutionProperties) = preSolution
		HideSolutionNode = FALSE
	EndGlobalSection
	GlobalSection(ExtensibilityGlobals) = postSolution
		SolutionGuid = {5F80C24E-CA60-4C85-B5C7-FCD9E6267180}
	EndGlobalSection
EndGlobal
